
Microsoft Visual Studio Solution File, Format Version 10.00
# Visual C++ Express 2008
Project("{8BC9CEB8-8B4A-11D0-8D11-00A0C91BC942}") = "cce", "script\cce\cce.vcproj", "{5784B7CB-4265-435B-9BB4-CB2E93AD36DD}"
	ProjectSection(ProjectDependencies) = postProject
		{2AC2460B-7756-404D-A5D7-77CF14BF126B} = {2AC2460B-7756-404D-A5D7-77CF14BF126B}
	EndProjectSection
EndProject
Project("{8BC9CEB8-8B4A-11D0-8D11-00A0C91BC942}") = "evaluate_default", "script\evaluate_default\evaluate_default.vcproj", "{2AC2460B-7756-404D-A5D7-77CF14BF126B}"
EndProject
Project("{8BC9CEB8-8B4A-11D0-8D11-00A0C91BC942}") = "cchelper", "script\cchelper\cchelper.vcproj", "{34D5AFA8-E9DE-4679-898E-3944D1B1392C}"
	ProjectSection(ProjectDependencies) = postProject
		{406D6DC0-BBB9-47CF-BAC4-6B5BBC46CF5F} = {406D6DC0-BBB9-47CF-BAC4-6B5BBC46CF5F}
	EndProjectSection
EndProject
Project("{8BC9CEB8-8B4A-11D0-8D11-00A0C91BC942}") = "mousehook", "script\mousehook\mousehook.vcproj", "{406D6DC0-BBB9-47CF-BAC4-6B5BBC46CF5F}"
EndProject
Project("{8BC9CEB8-8B4A-11D0-8D11-00A0C91BC942}") = "genkeytool", "script\genkeytool\genkeytool.vcproj", "{55BF58BD-0716-4658-8D03-5AD438741626}"
EndProject
Global
	GlobalSection(SolutionConfigurationPlatforms) = preSolution
		Debug|Win32 = Debug|Win32
		Release|Win32 = Release|Win32
	EndGlobalSection
	GlobalSection(ProjectConfigurationPlatforms) = postSolution
		{5784B7CB-4265-435B-9BB4-CB2E93AD36DD}.Debug|Win32.ActiveCfg = Debug|Win32
		{5784B7CB-4265-435B-9BB4-CB2E93AD36DD}.Debug|Win32.Build.0 = Debug|Win32
		{5784B7CB-4265-435B-9BB4-CB2E93AD36DD}.Release|Win32.ActiveCfg = Release|Win32
		{5784B7CB-4265-435B-9BB4-CB2E93AD36DD}.Release|Win32.Build.0 = Release|Win32
		{2AC2460B-7756-404D-A5D7-77CF14BF126B}.Debug|Win32.ActiveCfg = Debug|Win32
		{2AC2460B-7756-404D-A5D7-77CF14BF126B}.Debug|Win32.Build.0 = Debug|Win32
		{2AC2460B-7756-404D-A5D7-77CF14BF126B}.Release|Win32.ActiveCfg = Release|Win32
		{2AC2460B-7756-404D-A5D7-77CF14BF126B}.Release|Win32.Build.0 = Release|Win32
		{34D5AFA8-E9DE-4679-898E-3944D1B1392C}.Debug|Win32.ActiveCfg = Debug|Win32
		{34D5AFA8-E9DE-4679-898E-3944D1B1392C}.Debug|Win32.Build.0 = Debug|Win32
		{34D5AFA8-E9DE-4679-898E-3944D1B1392C}.Release|Win32.ActiveCfg = Release|Win32
		{34D5AFA8-E9DE-4679-898E-3944D1B1392C}.Release|Win32.Build.0 = Release|Win32
		{406D6DC0-BBB9-47CF-BAC4-6B5BBC46CF5F}.Debug|Win32.ActiveCfg = Debug|Win32
		{406D6DC0-BBB9-47CF-BAC4-6B5BBC46CF5F}.Debug|Win32.Build.0 = Debug|Win32
		{406D6DC0-BBB9-47CF-BAC4-6B5BBC46CF5F}.Release|Win32.ActiveCfg = Release|Win32
		{406D6DC0-BBB9-47CF-BAC4-6B5BBC46CF5F}.Release|Win32.Build.0 = Release|Win32
		{55BF58BD-0716-4658-8D03-5AD438741626}.Debug|Win32.ActiveCfg = Debug|Win32
		{55BF58BD-0716-4658-8D03-5AD438741626}.Debug|Win32.Build.0 = Debug|Win32
		{55BF58BD-0716-4658-8D03-5AD438741626}.Release|Win32.ActiveCfg = Release|Win32
		{55BF58BD-0716-4658-8D03-5AD438741626}.Release|Win32.Build.0 = Release|Win32
	EndGlobalSection
	GlobalSection(SolutionProperties) = preSolution
		HideSolutionNode = FALSE
	EndGlobalSection
EndGlobal
